
Microsoft Visual Studio Solution File, Format Version 12.00
# Visual Studio Version 16
VisualStudioVersion = 16.0.28803.352
MinimumVisualStudioVersion = 10.0.40219.1
Project("{FAE04EC0-301F-11D3-BF4B-00C04F79EFBC}") = "ClassCoustmer", "ClassCoustmer\ClassCoustmer.csproj", "{D2C587E1-EBB0-4DF9-8124-0212FC4DE1AA}"
EndProject
Global
	GlobalSection(SolutionConfigurationPlatforms) = preSolution
		Debug|Any CPU = Debug|Any CPU
		Release|Any CPU = Release|Any CPU
	EndGlobalSection
	GlobalSection(ProjectConfigurationPlatforms) = postSolution
		{D2C587E1-EBB0-4DF9-8124-0212FC4DE1AA}.Debug|Any CPU.ActiveCfg = Debug|Any CPU
		{D2C587E1-EBB0-4DF9-8124-0212FC4DE1AA}.Debug|Any CPU.Build.0 = Debug|Any CPU
		{D2C587E1-EBB0-4DF9-8124-0212FC4DE1AA}.Release|Any CPU.ActiveCfg = Release|Any CPU
		{D2C587E1-EBB0-4DF9-8124-0212FC4DE1AA}.Release|Any CPU.Build.0 = Release|Any CPU
	EndGlobalSection
	GlobalSection(SolutionProperties) = preSolution
		HideSolutionNode = FALSE
	EndGlobalSection
	GlobalSection(ExtensibilityGlobals) = postSolution
		SolutionGuid = {AD031C7C-09DB-4D7F-A29F-56490B141889}
	EndGlobalSection
EndGlobal
